# This file was autogenerated by uv via the following command:
#    uv pip compile backend/requirements-build.txt --python-version 3.11 --universal -o backend/requirements-build.lock
altgraph==0.17.5
    # via
    #   macholib
    #   pyinstaller
annotated-doc==0.0.5
    # via fastapi
annotated-types==0.8.0
    # via pydantic
anyio==4.15.1
    # via starlette
brotli==1.2.0 ; implementation_name == 'cpython' and sys_platform != 'ios'
    # via yt-dlp
brotlicffi==1.2.0.2 ; implementation_name != 'cpython'
    # via yt-dlp
certifi==2026.7.22
    # via
    #   requests
    #   yt-dlp
cffi==2.1.1 ; implementation_name != 'cpython'
    # via brotlicffi
charset-normalizer==3.5.2
    # via requests
click==8.5.0
    # via uvicorn
fastapi==0.142.2
    # via -r backend/requirements.txt
h11==0.16.0
    # via uvicorn
idna==3.20
    # via
    #   anyio
    #   requests
macholib==1.16.4 ; sys_platform == 'darwin'
    # via pyinstaller
meson==1.12.1
    # via -r backend/requirements-build.txt
mutagen==1.48.1
    # via yt-dlp
ninja==1.13.2
    # via -r backend/requirements-build.txt
numpy==2.4.6 ; python_full_version < '3.12'
    # via
    #   -r backend/requirements.txt
    #   opencv-python-headless
numpy==2.5.3 ; python_full_version >= '3.12'
    # via
    #   -r backend/requirements.txt
    #   opencv-python-headless
opencv-python-headless==4.13.0.92
    # via -r backend/requirements.txt
opentelemetry-api==1.45.0
    # via fastapi
packaging==26.3
    # via
    #   pyinstaller
    #   pyinstaller-hooks-contrib
pefile==2024.8.26 ; sys_platform == 'win32'
    # via pyinstaller
pillow==12.3.0
    # via -r backend/requirements.txt
pycparser==3.0 ; implementation_name != 'PyPy' and implementation_name != 'cpython'
    # via cffi
pycryptodomex==3.24.0
    # via yt-dlp
pydantic==2.13.5
    # via
    #   -r backend/requirements.txt
    #   fastapi
pydantic-core==2.46.5
    # via pydantic
pyinstaller==6.22.3
    # via -r backend/requirements-build.txt
pyinstaller-hooks-contrib==2026.8
    # via pyinstaller
pywin32-ctypes==0.2.3 ; sys_platform == 'win32'
    # via pyinstaller
pyyaml==6.0.3
    # via -r backend/requirements.txt
requests==2.34.2
    # via yt-dlp
setuptools==84.0.0
    # via pyinstaller
starlette==1.7.0
    # via fastapi
typing-extensions==4.16.0
    # via
    #   anyio
    #   fastapi
    #   opentelemetry-api
    #   pydantic
    #   pydantic-core
    #   starlette
    #   typing-inspection
typing-inspection==0.4.4
    # via
    #   fastapi
    #   pydantic
urllib3==2.8.0
    # via
    #   requests
    #   yt-dlp
uvicorn==0.54.0
    # via -r backend/requirements.txt
websockets==17.2
    # via yt-dlp
yt-dlp==2026.8.19
    # via -r backend/requirements.txt
yt-dlp-ejs==0.8.0
    # via yt-dlp
